
Microsoft Visual Studio Solution File, Format Version 12.00
# Visual Studio Version 17
VisualStudioVersion = 17.0.32014.148
MinimumVisualStudioVersion = 10.0.40219.1
Project("{FAE04EC0-301F-11D3-BF4B-00C04F79EFBC}") = "RoundWare", "RoundWare\RoundWare.csproj", "{4EDEB87D-9A67-4CDB-AA78-38652EF8121C}"
EndProject
Global
	GlobalSection(SolutionConfigurationPlatforms) = preSolution
		Debug|Any CPU = Debug|Any CPU
		Release|Any CPU = Release|Any CPU
	EndGlobalSection
	GlobalSection(ProjectConfigurationPlatforms) = postSolution
		{4EDEB87D-9A67-4CDB-AA78-38652EF8121C}.Debug|Any CPU.ActiveCfg = Debug|Any CPU
		{4EDEB87D-9A67-4CDB-AA78-38652EF8121C}.Debug|Any CPU.Build.0 = Debug|Any CPU
		{4EDEB87D-9A67-4CDB-AA78-38652EF8121C}.Release|Any CPU.ActiveCfg = Release|Any CPU
		{4EDEB87D-9A67-4CDB-AA78-38652EF8121C}.Release|Any CPU.Build.0 = Release|Any CPU
	EndGlobalSection
	GlobalSection(SolutionProperties) = preSolution
		HideSolutionNode = FALSE
	EndGlobalSection
	GlobalSection(ExtensibilityGlobals) = postSolution
		SolutionGuid = {57585F65-5BB3-4DAD-BABF-881B81A4E4E6}
	EndGlobalSection
EndGlobal
